// !$*UTF8*$!
{
	archiveVersion = 1;
	classes = {
	};
	objectVersion = 50;
	objects = {

/* Begin PBXBuildFile section */
		AF2CE654230E37BF009C419F /* AppDelegate.swift in Sources */ = {isa = PBXBuildFile; fileRef = AF2CE653230E37BF009C419F /* AppDelegate.swift */; };
		AF2CE656230E37BF009C419F /* ViewController.swift in Sources */ = {isa = PBXBuildFile; fileRef = AF2CE655230E37BF009C419F /* ViewController.swift */; };
		AF2CE659230E37BF009C419F /* Main.storyboard in Resources */ = {isa = PBXBuildFile; fileRef = AF2CE657230E37BF009C419F /* Main.storyboard */; };
		AF2CE65B230E37C0009C419F /* Assets.xcassets in Resources */ = {isa = PBXBuildFile; fileRef = AF2CE65A230E37C0009C419F /* Assets.xcassets */; };
		AF2CE65E230E37C0009C419F /* LaunchScreen.storyboard in Resources */ = {isa = PBXBuildFile; fileRef = AF2CE65C230E37C0009C419F /* LaunchScreen.storyboard */; };
		AF2CE669230E37C0009C419F /* CollectionViewExampleTests.swift in Sources */ = {isa = PBXBuildFile; fileRef = AF2CE668230E37C0009C419F /* CollectionViewExampleTests.swift */; };
		AF2CE674230E37C0009C419F /* CollectionViewExampleUITests.swift in Sources */ = {isa = PBXBuildFile; fileRef = AF2CE673230E37C0009C419F /* CollectionViewExampleUITests.swift */; };
		AF2CE684230E3AEB009C419F /* MonsterCell.swift in Sources */ = {isa = PBXBuildFile; fileRef = AF2CE682230E3AEB009C419F /* MonsterCell.swift */; };
		AF2CE685230E3AEB009C419F /* MonsterCell.xib in Resources */ = {isa = PBXBuildFile; fileRef = AF2CE683230E3AEB009C419F /* MonsterCell.xib */; };
		AF2CE690230E5770009C419F /* FooterView.swift in Sources */ = {isa = PBXBuildFile; fileRef = AF2CE68E230E5770009C419F /* FooterView.swift */; };
		AF2CE691230E5770009C419F /* FooterView.xib in Resources */ = {isa = PBXBuildFile; fileRef = AF2CE68F230E5770009C419F /* FooterView.xib */; };
/* End PBXBuildFile section */

/* Begin PBXContainerItemProxy section */
		AF2CE665230E37C0009C419F /* PBXContainerItemProxy */ = {
			isa = PBXContainerItemProxy;
			containerPortal = AF2CE648230E37BF009C419F /* Project object */;
			proxyType = 1;
			remoteGlobalIDString = AF2CE64F230E37BF009C419F;
			remoteInfo = CollectionViewExample;
		};
		AF2CE670230E37C0009C419F /* PBXContainerItemProxy */ = {
			isa = PBXContainerItemProxy;
			containerPortal = AF2CE648230E37BF009C419F /* Project object */;
			proxyType = 1;
			remoteGlobalIDString = AF2CE64F230E37BF009C419F;
			remoteInfo = CollectionViewExample;
		};
/* End PBXContainerItemProxy section */

/* Begin PBXFileReference section */
		AF2CE650230E37BF009C419F /* CollectionViewExample.app */ = {isa = PBXFileReference; explicitFileType = wrapper.application; includeInIndex = 0; path = CollectionViewExample.app; sourceTree = BUILT_PRODUCTS_DIR; };
		AF2CE653230E37BF009C419F /* AppDelegate.swift */ = {isa = PBXFileReference; lastKnownFileType = sourcecode.swift; path = AppDelegate.swift; sourceTree = "<group>"; };
		AF2CE655230E37BF009C419F /* ViewController.swift */ = {isa = PBXFileReference; lastKnownFileType = sourcecode.swift; path = ViewController.swift; sourceTree = "<group>"; };
		AF2CE658230E37BF009C419F /* Base */ = {isa = PBXFileReference; lastKnownFileType = file.storyboard; name = Base; path = Base.lproj/Main.storyboard; sourceTree = "<group>"; };
		AF2CE65A230E37C0009C419F /* Assets.xcassets */ = {isa = PBXFileReference; lastKnownFileType = folder.assetcatalog; path = Assets.xcassets; sourceTree = "<group>"; };
		AF2CE65D230E37C0009C419F /* Base */ = {isa = PBXFileReference; lastKnownFileType = file.storyboard; name = Base; path = Base.lproj/LaunchScreen.storyboard; sourceTree = "<group>"; };
		AF2CE65F230E37C0009C419F /* Info.plist */ = {isa = PBXFileReference; lastKnownFileType = text.plist.xml; path = Info.plist; sourceTree = "<group>"; };
		AF2CE664230E37C0009C419F /* CollectionViewExampleTests.xctest */ = {isa = PBXFileReference; explicitFileType = wrapper.cfbundle; includeInIndex = 0; path = CollectionViewExampleTests.xctest; sourceTree = BUILT_PRODUCTS_DIR; };
		AF2CE668230E37C0009C419F /* CollectionViewExampleTests.swift */ = {isa = PBXFileReference; lastKnownFileType = sourcecode.swift; path = CollectionViewExampleTests.swift; sourceTree = "<group>"; };
		AF2CE66A230E37C0009C419F /* Info.plist */ = {isa = PBXFileReference; lastKnownFileType = text.plist.xml; path = Info.plist; sourceTree = "<group>"; };
		AF2CE66F230E37C0009C419F /* CollectionViewExampleUITests.xctest */ = {isa = PBXFileReference; explicitFileType = wrapper.cfbundle; includeInIndex = 0; path = CollectionViewExampleUITests.xctest; sourceTree = BUILT_PRODUCTS_DIR; };
		AF2CE673230E37C0009C419F /* CollectionViewExampleUITests.swift */ = {isa = PBXFileReference; lastKnownFileType = sourcecode.swift; path = CollectionViewExampleUITests.swift; sourceTree = "<group>"; };
		AF2CE675230E37C0009C419F /* Info.plist */ = {isa = PBXFileReference; lastKnownFileType = text.plist.xml; path = Info.plist; sourceTree = "<group>"; };
		AF2CE682230E3AEB009C419F /* MonsterCell.swift */ = {isa = PBXFileReference; lastKnownFileType = sourcecode.swift; path = MonsterCell.swift; sourceTree = "<group>"; };
		AF2CE683230E3AEB009C419F /* MonsterCell.xib */ = {isa = PBXFileReference; lastKnownFileType = file.xib; path = MonsterCell.xib; sourceTree = "<group>"; };
		AF2CE68E230E5770009C419F /* FooterView.swift */ = {isa = PBXFileReference; lastKnownFileType = sourcecode.swift; path = FooterView.swift; sourceTree = "<group>"; };
		AF2CE68F230E5770009C419F /* FooterView.xib */ = {isa = PBXFileReference; lastKnownFileType = file.xib; path = FooterView.xib; sourceTree = "<group>"; };
/* End PBXFileReference section */

/* Begin PBXFrameworksBuildPhase section */
		AF2CE64D230E37BF009C419F /* Frameworks */ = {
			isa = PBXFrameworksBuildPhase;
			buildActionMask = 2147483647;
			files = (
			);
			runOnlyForDeploymentPostprocessing = 0;
		};
		AF2CE661230E37C0009C419F /* Frameworks */ = {
			isa = PBXFrameworksBuildPhase;
			buildActionMask = 2147483647;
			files = (
			);
			runOnlyForDeploymentPostprocessing = 0;
		};
		AF2CE66C230E37C0009C419F /* Frameworks */ = {
			isa = PBXFrameworksBuildPhase;
			buildActionMask = 2147483647;
			files = (
			);
			runOnlyForDeploymentPostprocessing = 0;
		};
/* End PBXFrameworksBuildPhase section */

/* Begin PBXGroup section */
		AF2CE647230E37BF009C419F = {
			isa = PBXGroup;
			children = (
				AF2CE652230E37BF009C419F /* CollectionViewExample */,
				AF2CE667230E37C0009C419F /* CollectionViewExampleTests */,
				AF2CE672230E37C0009C419F /* CollectionViewExampleUITests */,
				AF2CE651230E37BF009C419F /* Products */,
			);
			sourceTree = "<group>";
		};
		AF2CE651230E37BF009C419F /* Products */ = {
			isa = PBXGroup;
			children = (
				AF2CE650230E37BF009C419F /* CollectionViewExample.app */,
				AF2CE664230E37C0009C419F /* CollectionViewExampleTests.xctest */,
				AF2CE66F230E37C0009C419F /* CollectionViewExampleUITests.xctest */,
			);
			name = Products;
			sourceTree = "<group>";
		};
		AF2CE652230E37BF009C419F /* CollectionViewExample */ = {
			isa = PBXGroup;
			children = (
				AF2CE681230E3ACC009C419F /* View */,
				AF2CE653230E37BF009C419F /* AppDelegate.swift */,
				AF2CE655230E37BF009C419F /* ViewController.swift */,
				AF2CE657230E37BF009C419F /* Main.storyboard */,
				AF2CE65A230E37C0009C419F /* Assets.xcassets */,
				AF2CE65C230E37C0009C419F /* LaunchScreen.storyboard */,
				AF2CE65F230E37C0009C419F /* Info.plist */,
			);
			path = CollectionViewExample;
			sourceTree = "<group>";
		};
		AF2CE667230E37C0009C419F /* CollectionViewExampleTests */ = {
			isa = PBXGroup;
			children = (
				AF2CE668230E37C0009C419F /* CollectionViewExampleTests.swift */,
				AF2CE66A230E37C0009C419F /* Info.plist */,
			);
			path = CollectionViewExampleTests;
			sourceTree = "<group>";
		};
		AF2CE672230E37C0009C419F /* CollectionViewExampleUITests */ = {
			isa = PBXGroup;
			children = (
				AF2CE673230E37C0009C419F /* CollectionViewExampleUITests.swift */,
				AF2CE675230E37C0009C419F /* Info.plist */,
			);
			path = CollectionViewExampleUITests;
			sourceTree = "<group>";
		};
		AF2CE681230E3ACC009C419F /* View */ = {
			isa = PBXGroup;
			children = (
				AF2CE682230E3AEB009C419F /* MonsterCell.swift */,
				AF2CE683230E3AEB009C419F /* MonsterCell.xib */,
				AF2CE68E230E5770009C419F /* FooterView.swift */,
				AF2CE68F230E5770009C419F /* FooterView.xib */,
			);
			path = View;
			sourceTree = "<group>";
		};
/* End PBXGroup section */

/* Begin PBXNativeTarget section */
		AF2CE64F230E37BF009C419F /* CollectionViewExample */ = {
			isa = PBXNativeTarget;
			buildConfigurationList = AF2CE678230E37C0009C419F /* Build configuration list for PBXNativeTarget "CollectionViewExample" */;
			buildPhases = (
				AF2CE64C230E37BF009C419F /* Sources */,
				AF2CE64D230E37BF009C419F /* Frameworks */,
				AF2CE64E230E37BF009C419F /* Resources */,
			);
			buildRules = (
			);
			dependencies = (
			);
			name = CollectionViewExample;
			productName = CollectionViewExample;
			productReference = AF2CE650230E37BF009C419F /* CollectionViewExample.app */;
			productType = "com.apple.product-type.application";
		};
		AF2CE663230E37C0009C419F /* CollectionViewExampleTests */ = {
			isa = PBXNativeTarget;
			buildConfigurationList = AF2CE67B230E37C0009C419F /* Build configuration list for PBXNativeTarget "CollectionViewExampleTests" */;
			buildPhases = (
				AF2CE660230E37C0009C419F /* Sources */,
				AF2CE661230E37C0009C419F /* Frameworks */,
				AF2CE662230E37C0009C419F /* Resources */,
			);
			buildRules = (
			);
			dependencies = (
				AF2CE666230E37C0009C419F /* PBXTargetDependency */,
			);
			name = CollectionViewExampleTests;
			productName = CollectionViewExampleTests;
			productReference = AF2CE664230E37C0009C419F /* CollectionViewExampleTests.xctest */;
			productType = "com.apple.product-type.bundle.unit-test";
		};
		AF2CE66E230E37C0009C419F /* CollectionViewExampleUITests */ = {
			isa = PBXNativeTarget;
			buildConfigurationList = AF2CE67E230E37C0009C419F /* Build configuration list for PBXNativeTarget "CollectionViewExampleUITests" */;
			buildPhases = (
				AF2CE66B230E37C0009C419F /* Sources */,
				AF2CE66C230E37C0009C419F /* Frameworks */,
				AF2CE66D230E37C0009C419F /* Resources */,
			);
			buildRules = (
			);
			dependencies = (
				AF2CE671230E37C0009C419F /* PBXTargetDependency */,
			);
			name = CollectionViewExampleUITests;
			productName = CollectionViewExampleUITests;
			productReference = AF2CE66F230E37C0009C419F /* CollectionViewExampleUITests.xctest */;
			productType = "com.apple.product-type.bundle.ui-testing";
		};
/* End PBXNativeTarget section */

/* Begin PBXProject section */
		AF2CE648230E37BF009C419F /* Project object */ = {
			isa = PBXProject;
			attributes = {
				LastSwiftUpdateCheck = 1030;
				LastUpgradeCheck = 1030;
				ORGANIZATIONNAME = "최민섭";
				TargetAttributes = {
					AF2CE64F230E37BF009C419F = {
						CreatedOnToolsVersion = 10.3;
					};
					AF2CE663230E37C0009C419F = {
						CreatedOnToolsVersion = 10.3;
						TestTargetID = AF2CE64F230E37BF009C419F;
					};
					AF2CE66E230E37C0009C419F = {
						CreatedOnToolsVersion = 10.3;
						TestTargetID = AF2CE64F230E37BF009C419F;
					};
				};
			};
			buildConfigurationList = AF2CE64B230E37BF009C419F /* Build configuration list for PBXProject "CollectionViewExample" */;
			compatibilityVersion = "Xcode 9.3";
			developmentRegion = en;
			hasScannedForEncodings = 0;
			knownRegions = (
				en,
				Base,
			);
			mainGroup = AF2CE647230E37BF009C419F;
			productRefGroup = AF2CE651230E37BF009C419F /* Products */;
			projectDirPath = "";
			projectRoot = "";
			targets = (
				AF2CE64F230E37BF009C419F /* CollectionViewExample */,
				AF2CE663230E37C0009C419F /* CollectionViewExampleTests */,
				AF2CE66E230E37C0009C419F /* CollectionViewExampleUITests */,
			);
		};
/* End PBXProject section */

/* Begin PBXResourcesBuildPhase section */
		AF2CE64E230E37BF009C419F /* Resources */ = {
			isa = PBXResourcesBuildPhase;
			buildActionMask = 2147483647;
			files = (
				AF2CE691230E5770009C419F /* FooterView.xib in Resources */,
				AF2CE685230E3AEB009C419F /* MonsterCell.xib in Resources */,
				AF2CE65E230E37C0009C419F /* LaunchScreen.storyboard in Resources */,
				AF2CE65B230E37C0009C419F /* Assets.xcassets in Resources */,
				AF2CE659230E37BF009C419F /* Main.storyboard in Resources */,
			);
			runOnlyForDeploymentPostprocessing = 0;
		};
		AF2CE662230E37C0009C419F /* Resources */ = {
			isa = PBXResourcesBuildPhase;
			buildActionMask = 2147483647;
			files = (
			);
			runOnlyForDeploymentPostprocessing = 0;
		};
		AF2CE66D230E37C0009C419F /* Resources */ = {
			isa = PBXResourcesBuildPhase;
			buildActionMask = 2147483647;
			files = (
			);
			runOnlyForDeploymentPostprocessing = 0;
		};
/* End PBXResourcesBuildPhase section */

/* Begin PBXSourcesBuildPhase section */
		AF2CE64C230E37BF009C419F /* Sources */ = {
			isa = PBXSourcesBuildPhase;
			buildActionMask = 2147483647;
			files = (
				AF2CE684230E3AEB009C419F /* MonsterCell.swift in Sources */,
				AF2CE656230E37BF009C419F /* ViewController.swift in Sources */,
				AF2CE690230E5770009C419F /* FooterView.swift in Sources */,
				AF2CE654230E37BF009C419F /* AppDelegate.swift in Sources */,
			);
			runOnlyForDeploymentPostprocessing = 0;
		};
		AF2CE660230E37C0009C419F /* Sources */ = {
			isa = PBXSourcesBuildPhase;
			buildActionMask = 2147483647;
			files = (
				AF2CE669230E37C0009C419F /* CollectionViewExampleTests.swift in Sources */,
			);
			runOnlyForDeploymentPostprocessing = 0;
		};
		AF2CE66B230E37C0009C419F /* Sources */ = {
			isa = PBXSourcesBuildPhase;
			buildActionMask = 2147483647;
			files = (
				AF2CE674230E37C0009C419F /* CollectionViewExampleUITests.swift in Sources */,
			);
			runOnlyForDeploymentPostprocessing = 0;
		};
/* End PBXSourcesBuildPhase section */

/* Begin PBXTargetDependency section */
		AF2CE666230E37C0009C419F /* PBXTargetDependency */ = {
			isa = PBXTargetDependency;
			target = AF2CE64F230E37BF009C419F /* CollectionViewExample */;
			targetProxy = AF2CE665230E37C0009C419F /* PBXContainerItemProxy */;
		};
		AF2CE671230E37C0009C419F /* PBXTargetDependency */ = {
			isa = PBXTargetDependency;
			target = AF2CE64F230E37BF009C419F /* CollectionViewExample */;
			targetProxy = AF2CE670230E37C0009C419F /* PBXContainerItemProxy */;
		};
/* End PBXTargetDependency section */

/* Begin PBXVariantGroup section */
		AF2CE657230E37BF009C419F /* Main.storyboard */ = {
			isa = PBXVariantGroup;
			children = (
				AF2CE658230E37BF009C419F /* Base */,
			);
			name = Main.storyboard;
			sourceTree = "<group>";
		};
		AF2CE65C230E37C0009C419F /* LaunchScreen.storyboard */ = {
			isa = PBXVariantGroup;
			children = (
				AF2CE65D230E37C0009C419F /* Base */,
			);
			name = LaunchScreen.storyboard;
			sourceTree = "<group>";
		};
/* End PBXVariantGroup section */

/* Begin XCBuildConfiguration section */
		AF2CE676230E37C0009C419F /* Debug */ = {
			isa = XCBuildConfiguration;
			buildSettings = {
				ALWAYS_SEARCH_USER_PATHS = NO;
				CLANG_ANALYZER_NONNULL = YES;
				CLANG_ANALYZER_NUMBER_OBJECT_CONVERSION = YES_AGGRESSIVE;
				CLANG_CXX_LANGUAGE_STANDARD = "gnu++14";
				CLANG_CXX_LIBRARY = "libc++";
				CLANG_ENABLE_MODULES = YES;
				CLANG_ENABLE_OBJC_ARC = YES;
				CLANG_ENABLE_OBJC_WEAK = YES;
				CLANG_WARN_BLOCK_CAPTURE_AUTORELEASING = YES;
				CLANG_WARN_BOOL_CONVERSION = YES;
				CLANG_WARN_COMMA = YES;
				CLANG_WARN_CONSTANT_CONVERSION = YES;
				CLANG_WARN_DEPRECATED_OBJC_IMPLEMENTATIONS = YES;
				CLANG_WARN_DIRECT_OBJC_ISA_USAGE = YES_ERROR;
				CLANG_WARN_DOCUMENTATION_COMMENTS = YES;
				CLANG_WARN_EMPTY_BODY = YES;
				CLANG_WARN_ENUM_CONVERSION = YES;
				CLANG_WARN_INFINITE_RECURSION = YES;
				CLANG_WARN_INT_CONVERSION = YES;
				CLANG_WARN_NON_LITERAL_NULL_CONVERSION = YES;
				CLANG_WARN_OBJC_IMPLICIT_RETAIN_SELF = YES;
				CLANG_WARN_OBJC_LITERAL_CONVERSION = YES;
				CLANG_WARN_OBJC_ROOT_CLASS = YES_ERROR;
				CLANG_WARN_RANGE_LOOP_ANALYSIS = YES;
				CLANG_WARN_STRICT_PROTOTYPES = YES;
				CLANG_WARN_SUSPICIOUS_MOVE = YES;
				CLANG_WARN_UNGUARDED_AVAILABILITY = YES_AGGRESSIVE;
				CLANG_WARN_UNREACHABLE_CODE = YES;
				CLANG_WARN__DUPLICATE_METHOD_MATCH = YES;
				CODE_SIGN_IDENTITY = "iPhone Developer";
				COPY_PHASE_STRIP = NO;
				DEBUG_INFORMATION_FORMAT = dwarf;
				ENABLE_STRICT_OBJC_MSGSEND = YES;
				ENABLE_TESTABILITY = YES;
				GCC_C_LANGUAGE_STANDARD = gnu11;
				GCC_DYNAMIC_NO_PIC = NO;
				GCC_NO_COMMON_BLOCKS = YES;
				GCC_OPTIMIZATION_LEVEL = 0;
				GCC_PREPROCESSOR_DEFINITIONS = (
					"DEBUG=1",
					"$(inherited)",
				);
				GCC_WARN_64_TO_32_BIT_CONVERSION = YES;
				GCC_WARN_ABOUT_RETURN_TYPE = YES_ERROR;
				GCC_WARN_UNDECLARED_SELECTOR = YES;
				GCC_WARN_UNINITIALIZED_AUTOS = YES_AGGRESSIVE;
				GCC_WARN_UNUSED_FUNCTION = YES;
				GCC_WARN_UNUSED_VARIABLE = YES;
				IPHONEOS_DEPLOYMENT_TARGET = 12.4;
				MTL_ENABLE_DEBUG_INFO = INCLUDE_SOURCE;
				MTL_FAST_MATH = YES;
				ONLY_ACTIVE_ARCH = YES;
				SDKROOT = iphoneos;
				SWIFT_ACTIVE_COMPILATION_CONDITIONS = DEBUG;
				SWIFT_OPTIMIZATION_LEVEL = "-Onone";
			};
			name = Debug;
		};
		AF2CE677230E37C0009C419F /* Release */ = {
			isa = XCBuildConfiguration;
			buildSettings = {
				ALWAYS_SEARCH_USER_PATHS = NO;
				CLANG_ANALYZER_NONNULL = YES;
				CLANG_ANALYZER_NUMBER_OBJECT_CONVERSION = YES_AGGRESSIVE;
				CLANG_CXX_LANGUAGE_STANDARD = "gnu++14";
				CLANG_CXX_LIBRARY = "libc++";
				CLANG_ENABLE_MODULES = YES;
				CLANG_ENABLE_OBJC_ARC = YES;
				CLANG_ENABLE_OBJC_WEAK = YES;
				CLANG_WARN_BLOCK_CAPTURE_AUTORELEASING = YES;
				CLANG_WARN_BOOL_CONVERSION = YES;
				CLANG_WARN_COMMA = YES;
				CLANG_WARN_CONSTANT_CONVERSION = YES;
				CLANG_WARN_DEPRECATED_OBJC_IMPLEMENTATIONS = YES;
				CLANG_WARN_DIRECT_OBJC_ISA_USAGE = YES_ERROR;
				CLANG_WARN_DOCUMENTATION_COMMENTS = YES;
				CLANG_WARN_EMPTY_BODY = YES;
				CLANG_WARN_ENUM_CONVERSION = YES;
				CLANG_WARN_INFINITE_RECURSION = YES;
				CLANG_WARN_INT_CONVERSION = YES;
				CLANG_WARN_NON_LITERAL_NULL_CONVERSION = YES;
				CLANG_WARN_OBJC_IMPLICIT_RETAIN_SELF = YES;
				CLANG_WARN_OBJC_LITERAL_CONVERSION = YES;
				CLANG_WARN_OBJC_ROOT_CLASS = YES_ERROR;
				CLANG_WARN_RANGE_LOOP_ANALYSIS = YES;
				CLANG_WARN_STRICT_PROTOTYPES = YES;
				CLANG_WARN_SUSPICIOUS_MOVE = YES;
				CLANG_WARN_UNGUARDED_AVAILABILITY = YES_AGGRESSIVE;
				CLANG_WARN_UNREACHABLE_CODE = YES;
				CLANG_WARN__DUPLICATE_METHOD_MATCH = YES;
				CODE_SIGN_IDENTITY = "iPhone Developer";
				COPY_PHASE_STRIP = NO;
				DEBUG_INFORMATION_FORMAT = "dwarf-with-dsym";
				ENABLE_NS_ASSERTIONS = NO;
				ENABLE_STRICT_OBJC_MSGSEND = YES;
				GCC_C_LANGUAGE_STANDARD = gnu11;
				GCC_NO_COMMON_BLOCKS = YES;
				GCC_WARN_64_TO_32_BIT_CONVERSION = YES;
				GCC_WARN_ABOUT_RETURN_TYPE = YES_ERROR;
				GCC_WARN_UNDECLARED_SELECTOR = YES;
				GCC_WARN_UNINITIALIZED_AUTOS = YES_AGGRESSIVE;
				GCC_WARN_UNUSED_FUNCTION = YES;
				GCC_WARN_UNUSED_VARIABLE = YES;
				IPHONEOS_DEPLOYMENT_TARGET = 12.4;
				MTL_ENABLE_DEBUG_INFO = NO;
				MTL_FAST_MATH = YES;
				SDKROOT = iphoneos;
				SWIFT_COMPILATION_MODE = wholemodule;
				SWIFT_OPTIMIZATION_LEVEL = "-O";
				VALIDATE_PRODUCT = YES;
			};
			name = Release;
		};
		AF2CE679230E37C0009C419F /* Debug */ = {
			isa = XCBuildConfiguration;
			buildSettings = {
				ASSETCATALOG_COMPILER_APPICON_NAME = AppIcon;
				CODE_SIGN_STYLE = Automatic;
				DEVELOPMENT_TEAM = CJ9DCX3V4H;
				INFOPLIST_FILE = CollectionViewExample/Info.plist;
				LD_RUNPATH_SEARCH_PATHS = (
					"$(inherited)",
					"@executable_path/Frameworks",
				);
				PRODUCT_BUNDLE_IDENTIFIER = kau.com.CollectionViewExample;
				PRODUCT_NAME = "$(TARGET_NAME)";
				SWIFT_VERSION = 5.0;
				TARGETED_DEVICE_FAMILY = "1,2";
			};
			name = Debug;
		};
		AF2CE67A230E37C0009C419F /* Release */ = {
			isa = XCBuildConfiguration;
			buildSettings = {
				ASSETCATALOG_COMPILER_APPICON_NAME = AppIcon;
				CODE_SIGN_STYLE = Automatic;
				DEVELOPMENT_TEAM = CJ9DCX3V4H;
				INFOPLIST_FILE = CollectionViewExample/Info.plist;
				LD_RUNPATH_SEARCH_PATHS = (
					"$(inherited)",
					"@executable_path/Frameworks",
				);
				PRODUCT_BUNDLE_IDENTIFIER = kau.com.CollectionViewExample;
				PRODUCT_NAME = "$(TARGET_NAME)";
				SWIFT_VERSION = 5.0;
				TARGETED_DEVICE_FAMILY = "1,2";
			};
			name = Release;
		};
		AF2CE67C230E37C0009C419F /* Debug */ = {
			isa = XCBuildConfiguration;
			buildSettings = {
				ALWAYS_EMBED_SWIFT_STANDARD_LIBRARIES = YES;
				BUNDLE_LOADER = "$(TEST_HOST)";
				CODE_SIGN_STYLE = Automatic;
				DEVELOPMENT_TEAM = CJ9DCX3V4H;
				INFOPLIST_FILE = CollectionViewExampleTests/Info.plist;
				LD_RUNPATH_SEARCH_PATHS = (
					"$(inherited)",
					"@executable_path/Frameworks",
					"@loader_path/Frameworks",
				);
				PRODUCT_BUNDLE_IDENTIFIER = kau.com.CollectionViewExampleTests;
				PRODUCT_NAME = "$(TARGET_NAME)";
				SWIFT_VERSION = 5.0;
				TARGETED_DEVICE_FAMILY = "1,2";
				TEST_HOST = "$(BUILT_PRODUCTS_DIR)/CollectionViewExample.app/CollectionViewExample";
			};
			name = Debug;
		};
		AF2CE67D230E37C0009C419F /* Release */ = {
			isa = XCBuildConfiguration;
			buildSettings = {
				ALWAYS_EMBED_SWIFT_STANDARD_LIBRARIES = YES;
				BUNDLE_LOADER = "$(TEST_HOST)";
				CODE_SIGN_STYLE = Automatic;
				DEVELOPMENT_TEAM = CJ9DCX3V4H;
				INFOPLIST_FILE = CollectionViewExampleTests/Info.plist;
				LD_RUNPATH_SEARCH_PATHS = (
					"$(inherited)",
					"@executable_path/Frameworks",
					"@loader_path/Frameworks",
				);
				PRODUCT_BUNDLE_IDENTIFIER = kau.com.CollectionViewExampleTests;
				PRODUCT_NAME = "$(TARGET_NAME)";
				SWIFT_VERSION = 5.0;
				TARGETED_DEVICE_FAMILY = "1,2";
				TEST_HOST = "$(BUILT_PRODUCTS_DIR)/CollectionViewExample.app/CollectionViewExample";
			};
			name = Release;
		};
		AF2CE67F230E37C0009C419F /* Debug */ = {
			isa = XCBuildConfiguration;
			buildSettings = {
				ALWAYS_EMBED_SWIFT_STANDARD_LIBRARIES = YES;
				CODE_SIGN_STYLE = Automatic;
				DEVELOPMENT_TEAM = CJ9DCX3V4H;
				INFOPLIST_FILE = CollectionViewExampleUITests/Info.plist;
				LD_RUNPATH_SEARCH_PATHS = (
					"$(inherited)",
					"@executable_path/Frameworks",
					"@loader_path/Frameworks",
				);
				PRODUCT_BUNDLE_IDENTIFIER = kau.com.CollectionViewExampleUITests;
				PRODUCT_NAME = "$(TARGET_NAME)";
				SWIFT_VERSION = 5.0;
				TARGETED_DEVICE_FAMILY = "1,2";
				TEST_TARGET_NAME = CollectionViewExample;
			};
			name = Debug;
		};
		AF2CE680230E37C0009C419F /* Release */ = {
			isa = XCBuildConfiguration;
			buildSettings = {
				ALWAYS_EMBED_SWIFT_STANDARD_LIBRARIES = YES;
				CODE_SIGN_STYLE = Automatic;
				DEVELOPMENT_TEAM = CJ9DCX3V4H;
				INFOPLIST_FILE = CollectionViewExampleUITests/Info.plist;
				LD_RUNPATH_SEARCH_PATHS = (
					"$(inherited)",
					"@executable_path/Frameworks",
					"@loader_path/Frameworks",
				);
				PRODUCT_BUNDLE_IDENTIFIER = kau.com.CollectionViewExampleUITests;
				PRODUCT_NAME = "$(TARGET_NAME)";
				SWIFT_VERSION = 5.0;
				TARGETED_DEVICE_FAMILY = "1,2";
				TEST_TARGET_NAME = CollectionViewExample;
			};
			name = Release;
		};
/* End XCBuildConfiguration section */

/* Begin XCConfigurationList section */
		AF2CE64B230E37BF009C419F /* Build configuration list for PBXProject "CollectionViewExample" */ = {
			isa = XCConfigurationList;
			buildConfigurations = (
				AF2CE676230E37C0009C419F /* Debug */,
				AF2CE677230E37C0009C419F /* Release */,
			);
			defaultConfigurationIsVisible = 0;
			defaultConfigurationName = Release;
		};
		AF2CE678230E37C0009C419F /* Build configuration list for PBXNativeTarget "CollectionViewExample" */ = {
			isa = XCConfigurationList;
			buildConfigurations = (
				AF2CE679230E37C0009C419F /* Debug */,
				AF2CE67A230E37C0009C419F /* Release */,
			);
			defaultConfigurationIsVisible = 0;
			defaultConfigurationName = Release;
		};
		AF2CE67B230E37C0009C419F /* Build configuration list for PBXNativeTarget "CollectionViewExampleTests" */ = {
			isa = XCConfigurationList;
			buildConfigurations = (
				AF2CE67C230E37C0009C419F /* Debug */,
				AF2CE67D230E37C0009C419F /* Release */,
			);
			defaultConfigurationIsVisible = 0;
			defaultConfigurationName = Release;
		};
		AF2CE67E230E37C0009C419F /* Build configuration list for PBXNativeTarget "CollectionViewExampleUITests" */ = {
			isa = XCConfigurationList;
			buildConfigurations = (
				AF2CE67F230E37C0009C419F /* Debug */,
				AF2CE680230E37C0009C419F /* Release */,
			);
			defaultConfigurationIsVisible = 0;
			defaultConfigurationName = Release;
		};
/* End XCConfigurationList section */
	};
	rootObject = AF2CE648230E37BF009C419F /* Project object */;
}
